
Microsoft Visual Studio Solution File, Format Version 12.00
# Visual Studio Version 17
VisualStudioVersion = 17.3.32819.101
MinimumVisualStudioVersion = 10.0.40219.1
Project("{FAE04EC0-301F-11D3-BF4B-00C04F79EFBC}") = "GraphAlgorithms", "GraphAlgorithms.csproj", "{ED3F1A52-F158-4A1D-844C-9C4C9B181C94}"
EndProject
Global
	GlobalSection(SolutionConfigurationPlatforms) = preSolution
		Debug|Any CPU = Debug|Any CPU
		Release|Any CPU = Release|Any CPU
	EndGlobalSection
	GlobalSection(ProjectConfigurationPlatforms) = postSolution
		{ED3F1A52-F158-4A1D-844C-9C4C9B181C94}.Debug|Any CPU.ActiveCfg = Debug|Any CPU
		{ED3F1A52-F158-4A1D-844C-9C4C9B181C94}.Debug|Any CPU.Build.0 = Debug|Any CPU
		{ED3F1A52-F158-4A1D-844C-9C4C9B181C94}.Release|Any CPU.ActiveCfg = Release|Any CPU
		{ED3F1A52-F158-4A1D-844C-9C4C9B181C94}.Release|Any CPU.Build.0 = Release|Any CPU
	EndGlobalSection
	GlobalSection(SolutionProperties) = preSolution
		HideSolutionNode = FALSE
	EndGlobalSection
	GlobalSection(ExtensibilityGlobals) = postSolution
		SolutionGuid = {97CD1F9F-2AEB-44E8-A7AB-46705A771723}
	EndGlobalSection
EndGlobal
